
Microsoft Visual Studio Solution File, Format Version 12.00
# Visual Studio 15
VisualStudioVersion = 15.0.26124.0
MinimumVisualStudioVersion = 15.0.26124.0
Project("{FAE04EC0-301F-11D3-BF4B-00C04F79EFBC}") = "Domain", "Domain\Domain.csproj", "{F5853F01-3C8C-4AAA-BF86-0B8C8423B0A5}"
EndProject
Project("{FAE04EC0-301F-11D3-BF4B-00C04F79EFBC}") = "Application", "Application\Application.csproj", "{6F70D71E-424A-4249-8812-3987BDE1C9DC}"
EndProject
Project("{FAE04EC0-301F-11D3-BF4B-00C04F79EFBC}") = "Persistence", "Persistence\Persistence.csproj", "{A212438B-569D-4204-8D0F-EF51E31A8B31}"
EndProject
Project("{FAE04EC0-301F-11D3-BF4B-00C04F79EFBC}") = "API", "API\API.csproj", "{080F1B35-2DCC-43BA-8377-FA33B5AF0A50}"
EndProject
Global
	GlobalSection(SolutionConfigurationPlatforms) = preSolution
		Debug|Any CPU = Debug|Any CPU
		Debug|x64 = Debug|x64
		Debug|x86 = Debug|x86
		Release|Any CPU = Release|Any CPU
		Release|x64 = Release|x64
		Release|x86 = Release|x86
	EndGlobalSection
	GlobalSection(SolutionProperties) = preSolution
		HideSolutionNode = FALSE
	EndGlobalSection
	GlobalSection(ProjectConfigurationPlatforms) = postSolution
		{F5853F01-3C8C-4AAA-BF86-0B8C8423B0A5}.Debug|Any CPU.ActiveCfg = Debug|Any CPU
		{F5853F01-3C8C-4AAA-BF86-0B8C8423B0A5}.Debug|Any CPU.Build.0 = Debug|Any CPU
		{F5853F01-3C8C-4AAA-BF86-0B8C8423B0A5}.Debug|x64.ActiveCfg = Debug|Any CPU
		{F5853F01-3C8C-4AAA-BF86-0B8C8423B0A5}.Debug|x64.Build.0 = Debug|Any CPU
		{F5853F01-3C8C-4AAA-BF86-0B8C8423B0A5}.Debug|x86.ActiveCfg = Debug|Any CPU
		{F5853F01-3C8C-4AAA-BF86-0B8C8423B0A5}.Debug|x86.Build.0 = Debug|Any CPU
		{F5853F01-3C8C-4AAA-BF86-0B8C8423B0A5}.Release|Any CPU.ActiveCfg = Release|Any CPU
		{F5853F01-3C8C-4AAA-BF86-0B8C8423B0A5}.Release|Any CPU.Build.0 = Release|Any CPU
		{F5853F01-3C8C-4AAA-BF86-0B8C8423B0A5}.Release|x64.ActiveCfg = Release|Any CPU
		{F5853F01-3C8C-4AAA-BF86-0B8C8423B0A5}.Release|x64.Build.0 = Release|Any CPU
		{F5853F01-3C8C-4AAA-BF86-0B8C8423B0A5}.Release|x86.ActiveCfg = Release|Any CPU
		{F5853F01-3C8C-4AAA-BF86-0B8C8423B0A5}.Release|x86.Build.0 = Release|Any CPU
		{6F70D71E-424A-4249-8812-3987BDE1C9DC}.Debug|Any CPU.ActiveCfg = Debug|Any CPU
		{6F70D71E-424A-4249-8812-3987BDE1C9DC}.Debug|Any CPU.Build.0 = Debug|Any CPU
		{6F70D71E-424A-4249-8812-3987BDE1C9DC}.Debug|x64.ActiveCfg = Debug|Any CPU
		{6F70D71E-424A-4249-8812-3987BDE1C9DC}.Debug|x64.Build.0 = Debug|Any CPU
		{6F70D71E-424A-4249-8812-3987BDE1C9DC}.Debug|x86.ActiveCfg = Debug|Any CPU
		{6F70D71E-424A-4249-8812-3987BDE1C9DC}.Debug|x86.Build.0 = Debug|Any CPU
		{6F70D71E-424A-4249-8812-3987BDE1C9DC}.Release|Any CPU.ActiveCfg = Release|Any CPU
		{6F70D71E-424A-4249-8812-3987BDE1C9DC}.Release|Any CPU.Build.0 = Release|Any CPU
		{6F70D71E-424A-4249-8812-3987BDE1C9DC}.Release|x64.ActiveCfg = Release|Any CPU
		{6F70D71E-424A-4249-8812-3987BDE1C9DC}.Release|x64.Build.0 = Release|Any CPU
		{6F70D71E-424A-4249-8812-3987BDE1C9DC}.Release|x86.ActiveCfg = Release|Any CPU
		{6F70D71E-424A-4249-8812-3987BDE1C9DC}.Release|x86.Build.0 = Release|Any CPU
		{A212438B-569D-4204-8D0F-EF51E31A8B31}.Debug|Any CPU.ActiveCfg = Debug|Any CPU
		{A212438B-569D-4204-8D0F-EF51E31A8B31}.Debug|Any CPU.Build.0 = Debug|Any CPU
		{A212438B-569D-4204-8D0F-EF51E31A8B31}.Debug|x64.ActiveCfg = Debug|Any CPU
		{A212438B-569D-4204-8D0F-EF51E31A8B31}.Debug|x64.Build.0 = Debug|Any CPU
		{A212438B-569D-4204-8D0F-EF51E31A8B31}.Debug|x86.ActiveCfg = Debug|Any CPU
		{A212438B-569D-4204-8D0F-EF51E31A8B31}.Debug|x86.Build.0 = Debug|Any CPU
		{A212438B-569D-4204-8D0F-EF51E31A8B31}.Release|Any CPU.ActiveCfg = Release|Any CPU
		{A212438B-569D-4204-8D0F-EF51E31A8B31}.Release|Any CPU.Build.0 = Release|Any CPU
		{A212438B-569D-4204-8D0F-EF51E31A8B31}.Release|x64.ActiveCfg = Release|Any CPU
		{A212438B-569D-4204-8D0F-EF51E31A8B31}.Release|x64.Build.0 = Release|Any CPU
		{A212438B-569D-4204-8D0F-EF51E31A8B31}.Release|x86.ActiveCfg = Release|Any CPU
		{A212438B-569D-4204-8D0F-EF51E31A8B31}.Release|x86.Build.0 = Release|Any CPU
		{080F1B35-2DCC-43BA-8377-FA33B5AF0A50}.Debug|Any CPU.ActiveCfg = Debug|Any CPU
		{080F1B35-2DCC-43BA-8377-FA33B5AF0A50}.Debug|Any CPU.Build.0 = Debug|Any CPU
		{080F1B35-2DCC-43BA-8377-FA33B5AF0A50}.Debug|x64.ActiveCfg = Debug|Any CPU
		{080F1B35-2DCC-43BA-8377-FA33B5AF0A50}.Debug|x64.Build.0 = Debug|Any CPU
		{080F1B35-2DCC-43BA-8377-FA33B5AF0A50}.Debug|x86.ActiveCfg = Debug|Any CPU
		{080F1B35-2DCC-43BA-8377-FA33B5AF0A50}.Debug|x86.Build.0 = Debug|Any CPU
		{080F1B35-2DCC-43BA-8377-FA33B5AF0A50}.Release|Any CPU.ActiveCfg = Release|Any CPU
		{080F1B35-2DCC-43BA-8377-FA33B5AF0A50}.Release|Any CPU.Build.0 = Release|Any CPU
		{080F1B35-2DCC-43BA-8377-FA33B5AF0A50}.Release|x64.ActiveCfg = Release|Any CPU
		{080F1B35-2DCC-43BA-8377-FA33B5AF0A50}.Release|x64.Build.0 = Release|Any CPU
		{080F1B35-2DCC-43BA-8377-FA33B5AF0A50}.Release|x86.ActiveCfg = Release|Any CPU
		{080F1B35-2DCC-43BA-8377-FA33B5AF0A50}.Release|x86.Build.0 = Release|Any CPU
	EndGlobalSection
EndGlobal
